<?xml version="1.0" encoding="utf-8"?>
<Project ToolsVersion="4.0" xmlns="http://schemas.microsoft.com/developer/msbuild/2003">
  <ItemGroup>
    <Filter Include="dataStorage">
      <UniqueIdentifier>{7459C7E4-E00E-40DA-6903-3AB1D5B736DE}</UniqueIdentifier>
    </Filter>
    <Filter Include="geometry">
      <UniqueIdentifier>{5154C4F3-3D21-1FFF-663A-0DA75266548D}</UniqueIdentifier>
    </Filter>
  </ItemGroup>
  <ItemGroup>
    <ClInclude Include="src\Prints.h" />
    <ClInclude Include="src\maths\Matrix.h" />
    <ClInclude Include="src\dataStorage\OctBool.h" />
    <ClInclude Include="src\dataStorage\OctBoolArray.h" />
    <ClInclude Include="src\geometry\Vector2.h" />
    <ClInclude Include="src\geometry\Vector3.h" />
    <ClInclude Include="src\geometry\VectorN.h" />
    <ClInclude Include="src\dataStorage\QuadTree.h">
      <Filter>dataStorage</Filter>
    </ClInclude>
    <ClInclude Include="src\geometry\Circle.h">
      <Filter>geometry</Filter>
    </ClInclude>
    <ClInclude Include="src\geometry\Rect.h">
      <Filter>geometry</Filter>
    </ClInclude>
    <ClInclude Include="src\geometry\Shape.h">
      <Filter>geometry</Filter>
    </ClInclude>
    <ClInclude Include="src\geometry\ShapeOverlap.h">
      <Filter>geometry</Filter>
    </ClInclude>
    <ClInclude Include="src\maths\Common.h" />
    <ClInclude Include="src\maths\SquareMatrix.h" />
    <ClInclude Include="src\maths\Continuous.h" />
  </ItemGroup>
  <ItemGroup>
    <ClCompile Include="src\Prints.cpp" />
    <ClCompile Include="src\maths\Matrix.cpp" />
    <ClCompile Include="src\dataStorage\OctBool.cpp" />
    <ClCompile Include="src\dataStorage\OctBoolArray.cpp" />
    <ClCompile Include="src\geometry\Circle.cpp">
      <Filter>geometry</Filter>
    </ClCompile>
    <ClCompile Include="src\geometry\Rect.cpp">
      <Filter>geometry</Filter>
    </ClCompile>
    <ClCompile Include="src\geometry\ShapeOverlap.cpp">
      <Filter>geometry</Filter>
    </ClCompile>
    <ClCompile Include="src\maths\Common.cpp" />
    <ClCompile Include="src\maths\SquareMatrix.cpp" />
    <ClCompile Include="src\maths\Continuous.cpp" />
  </ItemGroup>
</Project>